
Microsoft Visual Studio Solution File, Format Version 12.00
# Visual Studio Version 17
VisualStudioVersion = 17.2.32526.322
MinimumVisualStudioVersion = 10.0.40219.1
Project("{FAE04EC0-301F-11D3-BF4B-00C04F79EFBC}") = "FoodFiesta", "FoodFiesta\FoodFiesta.csproj", "{03F720C7-CDC9-44BA-969B-AA3C59299F7C}"
EndProject
Global
	GlobalSection(SolutionConfigurationPlatforms) = preSolution
		Debug|Any CPU = Debug|Any CPU
		Release|Any CPU = Release|Any CPU
	EndGlobalSection
	GlobalSection(ProjectConfigurationPlatforms) = postSolution
		{03F720C7-CDC9-44BA-969B-AA3C59299F7C}.Debug|Any CPU.ActiveCfg = Debug|Any CPU
		{03F720C7-CDC9-44BA-969B-AA3C59299F7C}.Debug|Any CPU.Build.0 = Debug|Any CPU
		{03F720C7-CDC9-44BA-969B-AA3C59299F7C}.Release|Any CPU.ActiveCfg = Release|Any CPU
		{03F720C7-CDC9-44BA-969B-AA3C59299F7C}.Release|Any CPU.Build.0 = Release|Any CPU
	EndGlobalSection
	GlobalSection(SolutionProperties) = preSolution
		HideSolutionNode = FALSE
	EndGlobalSection
	GlobalSection(ExtensibilityGlobals) = postSolution
		SolutionGuid = {127B0CA2-BF19-44E8-A950-2CA223EEB2B8}
	EndGlobalSection
EndGlobal
